
Microsoft Visual Studio Solution File, Format Version 12.00
# Visual Studio Version 17
VisualStudioVersion = 17.8.34408.163
MinimumVisualStudioVersion = 10.0.40219.1
Project("{FAE04EC0-301F-11D3-BF4B-00C04F79EFBC}") = "teste w3", "teste w3\teste w3.csproj", "{CE77AC28-E50A-48E5-8147-F35712F5D50A}"
EndProject
Global
	GlobalSection(SolutionConfigurationPlatforms) = preSolution
		Debug|Any CPU = Debug|Any CPU
		Release|Any CPU = Release|Any CPU
	EndGlobalSection
	GlobalSection(ProjectConfigurationPlatforms) = postSolution
		{CE77AC28-E50A-48E5-8147-F35712F5D50A}.Debug|Any CPU.ActiveCfg = Debug|Any CPU
		{CE77AC28-E50A-48E5-8147-F35712F5D50A}.Debug|Any CPU.Build.0 = Debug|Any CPU
		{CE77AC28-E50A-48E5-8147-F35712F5D50A}.Release|Any CPU.ActiveCfg = Release|Any CPU
		{CE77AC28-E50A-48E5-8147-F35712F5D50A}.Release|Any CPU.Build.0 = Release|Any CPU
	EndGlobalSection
	GlobalSection(SolutionProperties) = preSolution
		HideSolutionNode = FALSE
	EndGlobalSection
	GlobalSection(ExtensibilityGlobals) = postSolution
		SolutionGuid = {660FDA8C-333F-4896-83E5-1C62C4402730}
	EndGlobalSection
EndGlobal
