
Microsoft Visual Studio Solution File, Format Version 12.00
# Visual Studio Version 17
VisualStudioVersion = 17.8.34408.163
MinimumVisualStudioVersion = 10.0.40219.1
Project("{FAE04EC0-301F-11D3-BF4B-00C04F79EFBC}") = "Ailton 11.03", "Ailton 11.03\Ailton 11.03.csproj", "{499CC750-4C55-46DE-893E-394B89884E7D}"
EndProject
Global
	GlobalSection(SolutionConfigurationPlatforms) = preSolution
		Debug|Any CPU = Debug|Any CPU
		Release|Any CPU = Release|Any CPU
	EndGlobalSection
	GlobalSection(ProjectConfigurationPlatforms) = postSolution
		{499CC750-4C55-46DE-893E-394B89884E7D}.Debug|Any CPU.ActiveCfg = Debug|Any CPU
		{499CC750-4C55-46DE-893E-394B89884E7D}.Debug|Any CPU.Build.0 = Debug|Any CPU
		{499CC750-4C55-46DE-893E-394B89884E7D}.Release|Any CPU.ActiveCfg = Release|Any CPU
		{499CC750-4C55-46DE-893E-394B89884E7D}.Release|Any CPU.Build.0 = Release|Any CPU
	EndGlobalSection
	GlobalSection(SolutionProperties) = preSolution
		HideSolutionNode = FALSE
	EndGlobalSection
	GlobalSection(ExtensibilityGlobals) = postSolution
		SolutionGuid = {0706F445-B815-4689-8640-FD5FF389EDF1}
	EndGlobalSection
EndGlobal
